// !$*UTF8*$!
{
	archiveVersion = 1;
	classes = {
	};
	objectVersion = 50;
	objects = {

/* Begin PBXBuildFile section */
		AC0FCAE724B236B400ECEB78 /* AppDelegate.swift in Sources */ = {isa = PBXBuildFile; fileRef = AC0FCAE624B236B400ECEB78 /* AppDelegate.swift */; };
		AC0FCAE924B236B400ECEB78 /* SceneDelegate.swift in Sources */ = {isa = PBXBuildFile; fileRef = AC0FCAE824B236B400ECEB78 /* SceneDelegate.swift */; };
		AC0FCAEB24B236B400ECEB78 /* ViewController.swift in Sources */ = {isa = PBXBuildFile; fileRef = AC0FCAEA24B236B400ECEB78 /* ViewController.swift */; };
		AC0FCAEE24B236B400ECEB78 /* Main.storyboard in Resources */ = {isa = PBXBuildFile; fileRef = AC0FCAEC24B236B400ECEB78 /* Main.storyboard */; };
		AC0FCAF024B236B500ECEB78 /* Assets.xcassets in Resources */ = {isa = PBXBuildFile; fileRef = AC0FCAEF24B236B500ECEB78 /* Assets.xcassets */; };
		AC0FCAF324B236B500ECEB78 /* LaunchScreen.storyboard in Resources */ = {isa = PBXBuildFile; fileRef = AC0FCAF124B236B500ECEB78 /* LaunchScreen.storyboard */; };
		ACFDE62824B2409700645F77 /* CloudKit.framework in Frameworks */ = {isa = PBXBuildFile; fileRef = ACFDE62724B2409700645F77 /* CloudKit.framework */; };
		ACFDE62A24B24C2C00645F77 /* Ator.swift in Sources */ = {isa = PBXBuildFile; fileRef = ACFDE62924B24C2C00645F77 /* Ator.swift */; };
/* End PBXBuildFile section */

/* Begin PBXFileReference section */
		AC0FCAE324B236B400ECEB78 /* Cadastro.app */ = {isa = PBXFileReference; explicitFileType = wrapper.application; includeInIndex = 0; path = Cadastro.app; sourceTree = BUILT_PRODUCTS_DIR; };
		AC0FCAE624B236B400ECEB78 /* AppDelegate.swift */ = {isa = PBXFileReference; lastKnownFileType = sourcecode.swift; path = AppDelegate.swift; sourceTree = "<group>"; };
		AC0FCAE824B236B400ECEB78 /* SceneDelegate.swift */ = {isa = PBXFileReference; lastKnownFileType = sourcecode.swift; path = SceneDelegate.swift; sourceTree = "<group>"; };
		AC0FCAEA24B236B400ECEB78 /* ViewController.swift */ = {isa = PBXFileReference; lastKnownFileType = sourcecode.swift; path = ViewController.swift; sourceTree = "<group>"; };
		AC0FCAED24B236B400ECEB78 /* Base */ = {isa = PBXFileReference; lastKnownFileType = file.storyboard; name = Base; path = Base.lproj/Main.storyboard; sourceTree = "<group>"; };
		AC0FCAEF24B236B500ECEB78 /* Assets.xcassets */ = {isa = PBXFileReference; lastKnownFileType = folder.assetcatalog; path = Assets.xcassets; sourceTree = "<group>"; };
		AC0FCAF224B236B500ECEB78 /* Base */ = {isa = PBXFileReference; lastKnownFileType = file.storyboard; name = Base; path = Base.lproj/LaunchScreen.storyboard; sourceTree = "<group>"; };
		AC0FCAF424B236B500ECEB78 /* Info.plist */ = {isa = PBXFileReference; lastKnownFileType = text.plist.xml; path = Info.plist; sourceTree = "<group>"; };
		ACFDE62524B2407400645F77 /* Cadastro.entitlements */ = {isa = PBXFileReference; lastKnownFileType = text.plist.entitlements; path = Cadastro.entitlements; sourceTree = "<group>"; };
		ACFDE62724B2409700645F77 /* CloudKit.framework */ = {isa = PBXFileReference; lastKnownFileType = wrapper.framework; name = CloudKit.framework; path = System/Library/Frameworks/CloudKit.framework; sourceTree = SDKROOT; };
		ACFDE62924B24C2C00645F77 /* Ator.swift */ = {isa = PBXFileReference; lastKnownFileType = sourcecode.swift; path = Ator.swift; sourceTree = "<group>"; };
/* End PBXFileReference section */

/* Begin PBXFrameworksBuildPhase section */
		AC0FCAE024B236B400ECEB78 /* Frameworks */ = {
			isa = PBXFrameworksBuildPhase;
			buildActionMask = 2147483647;
			files = (
				ACFDE62824B2409700645F77 /* CloudKit.framework in Frameworks */,
			);
			runOnlyForDeploymentPostprocessing = 0;
		};
/* End PBXFrameworksBuildPhase section */

/* Begin PBXGroup section */
		AC0FCADA24B236B400ECEB78 = {
			isa = PBXGroup;
			children = (
				AC0FCAE524B236B400ECEB78 /* cadastro */,
				AC0FCAE424B236B400ECEB78 /* Products */,
				ACFDE62624B2409700645F77 /* Frameworks */,
			);
			sourceTree = "<group>";
		};
		AC0FCAE424B236B400ECEB78 /* Products */ = {
			isa = PBXGroup;
			children = (
				AC0FCAE324B236B400ECEB78 /* Cadastro.app */,
			);
			name = Products;
			sourceTree = "<group>";
		};
		AC0FCAE524B236B400ECEB78 /* cadastro */ = {
			isa = PBXGroup;
			children = (
				ACFDE62524B2407400645F77 /* Cadastro.entitlements */,
				AC0FCAE624B236B400ECEB78 /* AppDelegate.swift */,
				AC0FCAE824B236B400ECEB78 /* SceneDelegate.swift */,
				ACFDE62924B24C2C00645F77 /* Ator.swift */,
				AC0FCAEA24B236B400ECEB78 /* ViewController.swift */,
				AC0FCAEC24B236B400ECEB78 /* Main.storyboard */,
				AC0FCAEF24B236B500ECEB78 /* Assets.xcassets */,
				AC0FCAF124B236B500ECEB78 /* LaunchScreen.storyboard */,
				AC0FCAF424B236B500ECEB78 /* Info.plist */,
			);
			path = cadastro;
			sourceTree = "<group>";
		};
		ACFDE62624B2409700645F77 /* Frameworks */ = {
			isa = PBXGroup;
			children = (
				ACFDE62724B2409700645F77 /* CloudKit.framework */,
			);
			name = Frameworks;
			sourceTree = "<group>";
		};
/* End PBXGroup section */

/* Begin PBXNativeTarget section */
		AC0FCAE224B236B400ECEB78 /* cadastro */ = {
			isa = PBXNativeTarget;
			buildConfigurationList = AC0FCAF724B236B500ECEB78 /* Build configuration list for PBXNativeTarget "cadastro" */;
			buildPhases = (
				AC0FCADF24B236B400ECEB78 /* Sources */,
				AC0FCAE024B236B400ECEB78 /* Frameworks */,
				AC0FCAE124B236B400ECEB78 /* Resources */,
			);
			buildRules = (
			);
			dependencies = (
			);
			name = cadastro;
			productName = cadastro;
			productReference = AC0FCAE324B236B400ECEB78 /* Cadastro.app */;
			productType = "com.apple.product-type.application";
		};
/* End PBXNativeTarget section */

/* Begin PBXProject section */
		AC0FCADB24B236B400ECEB78 /* Project object */ = {
			isa = PBXProject;
			attributes = {
				LastSwiftUpdateCheck = 1130;
				LastUpgradeCheck = 1130;
				ORGANIZATIONNAME = NevBar;
				TargetAttributes = {
					AC0FCAE224B236B400ECEB78 = {
						CreatedOnToolsVersion = 11.3.1;
					};
				};
			};
			buildConfigurationList = AC0FCADE24B236B400ECEB78 /* Build configuration list for PBXProject "cadastro" */;
			compatibilityVersion = "Xcode 9.3";
			developmentRegion = en;
			hasScannedForEncodings = 0;
			knownRegions = (
				en,
				Base,
			);
			mainGroup = AC0FCADA24B236B400ECEB78;
			productRefGroup = AC0FCAE424B236B400ECEB78 /* Products */;
			projectDirPath = "";
			projectRoot = "";
			targets = (
				AC0FCAE224B236B400ECEB78 /* cadastro */,
			);
		};
/* End PBXProject section */

/* Begin PBXResourcesBuildPhase section */
		AC0FCAE124B236B400ECEB78 /* Resources */ = {
			isa = PBXResourcesBuildPhase;
			buildActionMask = 2147483647;
			files = (
				AC0FCAF324B236B500ECEB78 /* LaunchScreen.storyboard in Resources */,
				AC0FCAF024B236B500ECEB78 /* Assets.xcassets in Resources */,
				AC0FCAEE24B236B400ECEB78 /* Main.storyboard in Resources */,
			);
			runOnlyForDeploymentPostprocessing = 0;
		};
/* End PBXResourcesBuildPhase section */

/* Begin PBXSourcesBuildPhase section */
		AC0FCADF24B236B400ECEB78 /* Sources */ = {
			isa = PBXSourcesBuildPhase;
			buildActionMask = 2147483647;
			files = (
				AC0FCAEB24B236B400ECEB78 /* ViewController.swift in Sources */,
				AC0FCAE724B236B400ECEB78 /* AppDelegate.swift in Sources */,
				AC0FCAE924B236B400ECEB78 /* SceneDelegate.swift in Sources */,
				ACFDE62A24B24C2C00645F77 /* Ator.swift in Sources */,
			);
			runOnlyForDeploymentPostprocessing = 0;
		};
/* End PBXSourcesBuildPhase section */

/* Begin PBXVariantGroup section */
		AC0FCAEC24B236B400ECEB78 /* Main.storyboard */ = {
			isa = PBXVariantGroup;
			children = (
				AC0FCAED24B236B400ECEB78 /* Base */,
			);
			name = Main.storyboard;
			sourceTree = "<group>";
		};
		AC0FCAF124B236B500ECEB78 /* LaunchScreen.storyboard */ = {
			isa = PBXVariantGroup;
			children = (
				AC0FCAF224B236B500ECEB78 /* Base */,
			);
			name = LaunchScreen.storyboard;
			sourceTree = "<group>";
		};
/* End PBXVariantGroup section */

/* Begin XCBuildConfiguration section */
		AC0FCAF524B236B500ECEB78 /* Debug */ = {
			isa = XCBuildConfiguration;
			buildSettings = {
				ALWAYS_SEARCH_USER_PATHS = NO;
				CLANG_ANALYZER_NONNULL = YES;
				CLANG_ANALYZER_NUMBER_OBJECT_CONVERSION = YES_AGGRESSIVE;
				CLANG_CXX_LANGUAGE_STANDARD = "gnu++14";
				CLANG_CXX_LIBRARY = "libc++";
				CLANG_ENABLE_MODULES = YES;
				CLANG_ENABLE_OBJC_ARC = YES;
				CLANG_ENABLE_OBJC_WEAK = YES;
				CLANG_WARN_BLOCK_CAPTURE_AUTORELEASING = YES;
				CLANG_WARN_BOOL_CONVERSION = YES;
				CLANG_WARN_COMMA = YES;
				CLANG_WARN_CONSTANT_CONVERSION = YES;
				CLANG_WARN_DEPRECATED_OBJC_IMPLEMENTATIONS = YES;
				CLANG_WARN_DIRECT_OBJC_ISA_USAGE = YES_ERROR;
				CLANG_WARN_DOCUMENTATION_COMMENTS = YES;
				CLANG_WARN_EMPTY_BODY = YES;
				CLANG_WARN_ENUM_CONVERSION = YES;
				CLANG_WARN_INFINITE_RECURSION = YES;
				CLANG_WARN_INT_CONVERSION = YES;
				CLANG_WARN_NON_LITERAL_NULL_CONVERSION = YES;
				CLANG_WARN_OBJC_IMPLICIT_RETAIN_SELF = YES;
				CLANG_WARN_OBJC_LITERAL_CONVERSION = YES;
				CLANG_WARN_OBJC_ROOT_CLASS = YES_ERROR;
				CLANG_WARN_RANGE_LOOP_ANALYSIS = YES;
				CLANG_WARN_STRICT_PROTOTYPES = YES;
				CLANG_WARN_SUSPICIOUS_MOVE = YES;
				CLANG_WARN_UNGUARDED_AVAILABILITY = YES_AGGRESSIVE;
				CLANG_WARN_UNREACHABLE_CODE = YES;
				CLANG_WARN__DUPLICATE_METHOD_MATCH = YES;
				COPY_PHASE_STRIP = NO;
				DEBUG_INFORMATION_FORMAT = dwarf;
				ENABLE_STRICT_OBJC_MSGSEND = YES;
				ENABLE_TESTABILITY = YES;
				GCC_C_LANGUAGE_STANDARD = gnu11;
				GCC_DYNAMIC_NO_PIC = NO;
				GCC_NO_COMMON_BLOCKS = YES;
				GCC_OPTIMIZATION_LEVEL = 0;
				GCC_PREPROCESSOR_DEFINITIONS = (
					"DEBUG=1",
					"$(inherited)",
				);
				GCC_WARN_64_TO_32_BIT_CONVERSION = YES;
				GCC_WARN_ABOUT_RETURN_TYPE = YES_ERROR;
				GCC_WARN_UNDECLARED_SELECTOR = YES;
				GCC_WARN_UNINITIALIZED_AUTOS = YES_AGGRESSIVE;
				GCC_WARN_UNUSED_FUNCTION = YES;
				GCC_WARN_UNUSED_VARIABLE = YES;
				IPHONEOS_DEPLOYMENT_TARGET = 13.2;
				MTL_ENABLE_DEBUG_INFO = INCLUDE_SOURCE;
				MTL_FAST_MATH = YES;
				ONLY_ACTIVE_ARCH = YES;
				SDKROOT = iphoneos;
				SWIFT_ACTIVE_COMPILATION_CONDITIONS = DEBUG;
				SWIFT_OPTIMIZATION_LEVEL = "-Onone";
			};
			name = Debug;
		};
		AC0FCAF624B236B500ECEB78 /* Release */ = {
			isa = XCBuildConfiguration;
			buildSettings = {
				ALWAYS_SEARCH_USER_PATHS = NO;
				CLANG_ANALYZER_NONNULL = YES;
				CLANG_ANALYZER_NUMBER_OBJECT_CONVERSION = YES_AGGRESSIVE;
				CLANG_CXX_LANGUAGE_STANDARD = "gnu++14";
				CLANG_CXX_LIBRARY = "libc++";
				CLANG_ENABLE_MODULES = YES;
				CLANG_ENABLE_OBJC_ARC = YES;
				CLANG_ENABLE_OBJC_WEAK = YES;
				CLANG_WARN_BLOCK_CAPTURE_AUTORELEASING = YES;
				CLANG_WARN_BOOL_CONVERSION = YES;
				CLANG_WARN_COMMA = YES;
				CLANG_WARN_CONSTANT_CONVERSION = YES;
				CLANG_WARN_DEPRECATED_OBJC_IMPLEMENTATIONS = YES;
				CLANG_WARN_DIRECT_OBJC_ISA_USAGE = YES_ERROR;
				CLANG_WARN_DOCUMENTATION_COMMENTS = YES;
				CLANG_WARN_EMPTY_BODY = YES;
				CLANG_WARN_ENUM_CONVERSION = YES;
				CLANG_WARN_INFINITE_RECURSION = YES;
				CLANG_WARN_INT_CONVERSION = YES;
				CLANG_WARN_NON_LITERAL_NULL_CONVERSION = YES;
				CLANG_WARN_OBJC_IMPLICIT_RETAIN_SELF = YES;
				CLANG_WARN_OBJC_LITERAL_CONVERSION = YES;
				CLANG_WARN_OBJC_ROOT_CLASS = YES_ERROR;
				CLANG_WARN_RANGE_LOOP_ANALYSIS = YES;
				CLANG_WARN_STRICT_PROTOTYPES = YES;
				CLANG_WARN_SUSPICIOUS_MOVE = YES;
				CLANG_WARN_UNGUARDED_AVAILABILITY = YES_AGGRESSIVE;
				CLANG_WARN_UNREACHABLE_CODE = YES;
				CLANG_WARN__DUPLICATE_METHOD_MATCH = YES;
				COPY_PHASE_STRIP = NO;
				DEBUG_INFORMATION_FORMAT = "dwarf-with-dsym";
				ENABLE_NS_ASSERTIONS = NO;
				ENABLE_STRICT_OBJC_MSGSEND = YES;
				GCC_C_LANGUAGE_STANDARD = gnu11;
				GCC_NO_COMMON_BLOCKS = YES;
				GCC_WARN_64_TO_32_BIT_CONVERSION = YES;
				GCC_WARN_ABOUT_RETURN_TYPE = YES_ERROR;
				GCC_WARN_UNDECLARED_SELECTOR = YES;
				GCC_WARN_UNINITIALIZED_AUTOS = YES_AGGRESSIVE;
				GCC_WARN_UNUSED_FUNCTION = YES;
				GCC_WARN_UNUSED_VARIABLE = YES;
				IPHONEOS_DEPLOYMENT_TARGET = 13.2;
				MTL_ENABLE_DEBUG_INFO = NO;
				MTL_FAST_MATH = YES;
				SDKROOT = iphoneos;
				SWIFT_COMPILATION_MODE = wholemodule;
				SWIFT_OPTIMIZATION_LEVEL = "-O";
				VALIDATE_PRODUCT = YES;
			};
			name = Release;
		};
		AC0FCAF824B236B500ECEB78 /* Debug */ = {
			isa = XCBuildConfiguration;
			buildSettings = {
				ASSETCATALOG_COMPILER_APPICON_NAME = AppIcon;
				CODE_SIGN_ENTITLEMENTS = cadastro/Cadastro.entitlements;
				CODE_SIGN_STYLE = Automatic;
				CURRENT_PROJECT_VERSION = 2;
				DEVELOPMENT_TEAM = 5ZFLG4EDBU;
				INFOPLIST_FILE = cadastro/Info.plist;
				LD_RUNPATH_SEARCH_PATHS = (
					"$(inherited)",
					"@executable_path/Frameworks",
				);
				PRODUCT_BUNDLE_IDENTIFIER = br.com.emilianoeloi.cadastro;
				PRODUCT_NAME = Cadastro;
				SWIFT_VERSION = 5.0;
				TARGETED_DEVICE_FAMILY = "1,2";
			};
			name = Debug;
		};
		AC0FCAF924B236B500ECEB78 /* Release */ = {
			isa = XCBuildConfiguration;
			buildSettings = {
				ASSETCATALOG_COMPILER_APPICON_NAME = AppIcon;
				CODE_SIGN_ENTITLEMENTS = cadastro/Cadastro.entitlements;
				CODE_SIGN_STYLE = Automatic;
				CURRENT_PROJECT_VERSION = 2;
				DEVELOPMENT_TEAM = 5ZFLG4EDBU;
				INFOPLIST_FILE = cadastro/Info.plist;
				LD_RUNPATH_SEARCH_PATHS = (
					"$(inherited)",
					"@executable_path/Frameworks",
				);
				PRODUCT_BUNDLE_IDENTIFIER = br.com.emilianoeloi.cadastro;
				PRODUCT_NAME = Cadastro;
				SWIFT_VERSION = 5.0;
				TARGETED_DEVICE_FAMILY = "1,2";
			};
			name = Release;
		};
/* End XCBuildConfiguration section */

/* Begin XCConfigurationList section */
		AC0FCADE24B236B400ECEB78 /* Build configuration list for PBXProject "cadastro" */ = {
			isa = XCConfigurationList;
			buildConfigurations = (
				AC0FCAF524B236B500ECEB78 /* Debug */,
				AC0FCAF624B236B500ECEB78 /* Release */,
			);
			defaultConfigurationIsVisible = 0;
			defaultConfigurationName = Release;
		};
		AC0FCAF724B236B500ECEB78 /* Build configuration list for PBXNativeTarget "cadastro" */ = {
			isa = XCConfigurationList;
			buildConfigurations = (
				AC0FCAF824B236B500ECEB78 /* Debug */,
				AC0FCAF924B236B500ECEB78 /* Release */,
			);
			defaultConfigurationIsVisible = 0;
			defaultConfigurationName = Release;
		};
/* End XCConfigurationList section */
	};
	rootObject = AC0FCADB24B236B400ECEB78 /* Project object */;
}
